
Microsoft Visual Studio Solution File, Format Version 12.00
# Visual Studio 14
VisualStudioVersion = 14.0.23107.0
MinimumVisualStudioVersion = 10.0.40219.1
Project("{FAE04EC0-301F-11D3-BF4B-00C04F79EFBC}") = "ErrH.Tools", "ErrH.Tools\ErrH.Tools.csproj", "{090B4845-C936-44E5-97C2-5E876DB08113}"
EndProject
Project("{FAE04EC0-301F-11D3-BF4B-00C04F79EFBC}") = "ErrH.Tools.Tests", "ErrH.Tools.Tests\ErrH.Tools.Tests.csproj", "{C5245B67-A2F2-4126-BDFA-3AAF4568525E}"
EndProject
Project("{FAE04EC0-301F-11D3-BF4B-00C04F79EFBC}") = "ErrH.WinTools", "ErrH.WinTools\ErrH.WinTools.csproj", "{1304A82E-ECD7-430A-BCA7-247E25CD8618}"
EndProject
Project("{FAE04EC0-301F-11D3-BF4B-00C04F79EFBC}") = "ErrH.RestSharpShim", "ErrH.RestSharpShim\ErrH.RestSharpShim.csproj", "{7E14EC14-683A-410D-B4E7-5DD197F93D31}"
EndProject
Project("{FAE04EC0-301F-11D3-BF4B-00C04F79EFBC}") = "ErrH.AutofacShim", "ErrH.AutofacShim\ErrH.AutofacShim.csproj", "{270C32BD-E9A1-4F81-9129-9F269A4139F5}"
EndProject
Project("{FAE04EC0-301F-11D3-BF4B-00C04F79EFBC}") = "ErrH.Drupal7Client", "ErrH.Drupal7Client\ErrH.Drupal7Client.csproj", "{87B6ADC5-78D2-4922-A460-937F9637362D}"
EndProject
Project("{FAE04EC0-301F-11D3-BF4B-00C04F79EFBC}") = "ErrH.JsonNetShim", "ErrH.JsonNetShim\ErrH.JsonNetShim.csproj", "{7D9BE0F8-583C-43A8-806C-EE44C811F045}"
EndProject
Project("{FAE04EC0-301F-11D3-BF4B-00C04F79EFBC}") = "ErrH.WhiteShim", "ErrH.WhiteShim\ErrH.WhiteShim.csproj", "{0540F4AB-1E0A-43B5-AE1F-D48CF7813A9C}"
EndProject
Project("{FAE04EC0-301F-11D3-BF4B-00C04F79EFBC}") = "ErrH.GrowlShim", "ErrH.GrowlShim\ErrH.GrowlShim.csproj", "{16B49954-0412-4562-93C5-AF4A2B81502B}"
EndProject
Project("{FAE04EC0-301F-11D3-BF4B-00C04F79EFBC}") = "ErrH.ConsoleCtrlShim", "ErrH.ConsoleCtrlShim\ErrH.ConsoleCtrlShim.csproj", "{1C435180-CB4C-4B00-9E1D-7F62776E112D}"
EndProject
Project("{FAE04EC0-301F-11D3-BF4B-00C04F79EFBC}") = "ErrH.UploaderApp", "ErrH.UploaderApp\ErrH.UploaderApp.csproj", "{DCC15326-597E-4BC5-A0ED-8FBB8191FF13}"
EndProject
Project("{FAE04EC0-301F-11D3-BF4B-00C04F79EFBC}") = "ErrH.WpfTools", "ErrH.WpfTools\ErrH.WpfTools.csproj", "{BFD10D77-2409-493B-BB8B-F3F2855A7EAA}"
EndProject
Project("{2150E333-8FDC-42A3-9474-1A3956D46DE8}") = "Solution Items", "Solution Items", "{1853853D-74ED-4AB9-A2D8-D1CE34EDC5AC}"
	ProjectSection(SolutionItems) = preProject
		README.md = README.md
	EndProjectSection
EndProject
Project("{FAE04EC0-301F-11D3-BF4B-00C04F79EFBC}") = "ErrH.Uploader.ViewModels", "ErrH.Uploader.ViewModels\ErrH.Uploader.ViewModels.csproj", "{AF4E34E2-8EA4-4D6C-A85C-68C93F39A7EA}"
EndProject
Project("{FAE04EC0-301F-11D3-BF4B-00C04F79EFBC}") = "ErrH.Uploader.WPF", "ErrH.Uploader.WPF\ErrH.Uploader.WPF.csproj", "{2573ECCE-7A63-4526-A510-DF3C53206F3B}"
	ProjectSection(ProjectDependencies) = postProject
		{7E14EC14-683A-410D-B4E7-5DD197F93D31} = {7E14EC14-683A-410D-B4E7-5DD197F93D31}
		{1C435180-CB4C-4B00-9E1D-7F62776E112D} = {1C435180-CB4C-4B00-9E1D-7F62776E112D}
	EndProjectSection
EndProject
Project("{FAE04EC0-301F-11D3-BF4B-00C04F79EFBC}") = "ErrH.Uploader.ViewModels.Tests", "ErrH.Uploader.ViewModels.Tests\ErrH.Uploader.ViewModels.Tests.csproj", "{2D542941-3ADD-4C2F-930A-E1ABBA848458}"
EndProject
Project("{FAE04EC0-301F-11D3-BF4B-00C04F79EFBC}") = "ErrH.XunitTools", "ErrH.XunitTools\ErrH.XunitTools.csproj", "{EB3E545A-C3A4-476D-B25F-4DF0E9FAFF7A}"
EndProject
Project("{FAE04EC0-301F-11D3-BF4B-00C04F79EFBC}") = "ErrH.Uploader.Core", "ErrH.Uploader.Core\ErrH.Uploader.Core.csproj", "{ABC664E4-9AD6-437A-BE63-5F686FD3CD64}"
EndProject
Project("{FAE04EC0-301F-11D3-BF4B-00C04F79EFBC}") = "ErrH.Uploader.DataAccess", "ErrH.Uploader.DataAccess\ErrH.Uploader.DataAccess.csproj", "{FFB4C8D2-CAE0-4883-9E53-BC254CBE0B89}"
EndProject
Project("{FAE04EC0-301F-11D3-BF4B-00C04F79EFBC}") = "ErrH.Uploader.Core.Tests", "ErrH.Uploader.Core.Tests\ErrH.Uploader.Core.Tests.csproj", "{8BD85B90-FF26-4552-B615-1A40AB5EF456}"
EndProject
Global
	GlobalSection(SolutionConfigurationPlatforms) = preSolution
		Debug|Any CPU = Debug|Any CPU
		Release|Any CPU = Release|Any CPU
	EndGlobalSection
	GlobalSection(ProjectConfigurationPlatforms) = postSolution
		{090B4845-C936-44E5-97C2-5E876DB08113}.Debug|Any CPU.ActiveCfg = Debug|Any CPU
		{090B4845-C936-44E5-97C2-5E876DB08113}.Debug|Any CPU.Build.0 = Debug|Any CPU
		{090B4845-C936-44E5-97C2-5E876DB08113}.Release|Any CPU.ActiveCfg = Release|Any CPU
		{090B4845-C936-44E5-97C2-5E876DB08113}.Release|Any CPU.Build.0 = Release|Any CPU
		{C5245B67-A2F2-4126-BDFA-3AAF4568525E}.Debug|Any CPU.ActiveCfg = Debug|Any CPU
		{C5245B67-A2F2-4126-BDFA-3AAF4568525E}.Debug|Any CPU.Build.0 = Debug|Any CPU
		{C5245B67-A2F2-4126-BDFA-3AAF4568525E}.Release|Any CPU.ActiveCfg = Release|Any CPU
		{C5245B67-A2F2-4126-BDFA-3AAF4568525E}.Release|Any CPU.Build.0 = Release|Any CPU
		{1304A82E-ECD7-430A-BCA7-247E25CD8618}.Debug|Any CPU.ActiveCfg = Debug|Any CPU
		{1304A82E-ECD7-430A-BCA7-247E25CD8618}.Debug|Any CPU.Build.0 = Debug|Any CPU
		{1304A82E-ECD7-430A-BCA7-247E25CD8618}.Release|Any CPU.ActiveCfg = Release|Any CPU
		{1304A82E-ECD7-430A-BCA7-247E25CD8618}.Release|Any CPU.Build.0 = Release|Any CPU
		{7E14EC14-683A-410D-B4E7-5DD197F93D31}.Debug|Any CPU.ActiveCfg = Debug|Any CPU
		{7E14EC14-683A-410D-B4E7-5DD197F93D31}.Debug|Any CPU.Build.0 = Debug|Any CPU
		{7E14EC14-683A-410D-B4E7-5DD197F93D31}.Release|Any CPU.ActiveCfg = Release|Any CPU
		{7E14EC14-683A-410D-B4E7-5DD197F93D31}.Release|Any CPU.Build.0 = Release|Any CPU
		{270C32BD-E9A1-4F81-9129-9F269A4139F5}.Debug|Any CPU.ActiveCfg = Debug|Any CPU
		{270C32BD-E9A1-4F81-9129-9F269A4139F5}.Debug|Any CPU.Build.0 = Debug|Any CPU
		{270C32BD-E9A1-4F81-9129-9F269A4139F5}.Release|Any CPU.ActiveCfg = Release|Any CPU
		{270C32BD-E9A1-4F81-9129-9F269A4139F5}.Release|Any CPU.Build.0 = Release|Any CPU
		{87B6ADC5-78D2-4922-A460-937F9637362D}.Debug|Any CPU.ActiveCfg = Debug|Any CPU
		{87B6ADC5-78D2-4922-A460-937F9637362D}.Debug|Any CPU.Build.0 = Debug|Any CPU
		{87B6ADC5-78D2-4922-A460-937F9637362D}.Release|Any CPU.ActiveCfg = Release|Any CPU
		{87B6ADC5-78D2-4922-A460-937F9637362D}.Release|Any CPU.Build.0 = Release|Any CPU
		{7D9BE0F8-583C-43A8-806C-EE44C811F045}.Debug|Any CPU.ActiveCfg = Debug|Any CPU
		{7D9BE0F8-583C-43A8-806C-EE44C811F045}.Debug|Any CPU.Build.0 = Debug|Any CPU
		{7D9BE0F8-583C-43A8-806C-EE44C811F045}.Release|Any CPU.ActiveCfg = Release|Any CPU
		{7D9BE0F8-583C-43A8-806C-EE44C811F045}.Release|Any CPU.Build.0 = Release|Any CPU
		{0540F4AB-1E0A-43B5-AE1F-D48CF7813A9C}.Debug|Any CPU.ActiveCfg = Debug|Any CPU
		{0540F4AB-1E0A-43B5-AE1F-D48CF7813A9C}.Debug|Any CPU.Build.0 = Debug|Any CPU
		{0540F4AB-1E0A-43B5-AE1F-D48CF7813A9C}.Release|Any CPU.ActiveCfg = Release|Any CPU
		{0540F4AB-1E0A-43B5-AE1F-D48CF7813A9C}.Release|Any CPU.Build.0 = Release|Any CPU
		{16B49954-0412-4562-93C5-AF4A2B81502B}.Debug|Any CPU.ActiveCfg = Debug|Any CPU
		{16B49954-0412-4562-93C5-AF4A2B81502B}.Debug|Any CPU.Build.0 = Debug|Any CPU
		{16B49954-0412-4562-93C5-AF4A2B81502B}.Release|Any CPU.ActiveCfg = Release|Any CPU
		{16B49954-0412-4562-93C5-AF4A2B81502B}.Release|Any CPU.Build.0 = Release|Any CPU
		{1C435180-CB4C-4B00-9E1D-7F62776E112D}.Debug|Any CPU.ActiveCfg = Debug|Any CPU
		{1C435180-CB4C-4B00-9E1D-7F62776E112D}.Debug|Any CPU.Build.0 = Debug|Any CPU
		{1C435180-CB4C-4B00-9E1D-7F62776E112D}.Release|Any CPU.ActiveCfg = Release|Any CPU
		{1C435180-CB4C-4B00-9E1D-7F62776E112D}.Release|Any CPU.Build.0 = Release|Any CPU
		{DCC15326-597E-4BC5-A0ED-8FBB8191FF13}.Debug|Any CPU.ActiveCfg = Debug|Any CPU
		{DCC15326-597E-4BC5-A0ED-8FBB8191FF13}.Debug|Any CPU.Build.0 = Debug|Any CPU
		{DCC15326-597E-4BC5-A0ED-8FBB8191FF13}.Release|Any CPU.ActiveCfg = Release|Any CPU
		{DCC15326-597E-4BC5-A0ED-8FBB8191FF13}.Release|Any CPU.Build.0 = Release|Any CPU
		{BFD10D77-2409-493B-BB8B-F3F2855A7EAA}.Debug|Any CPU.ActiveCfg = Debug|Any CPU
		{BFD10D77-2409-493B-BB8B-F3F2855A7EAA}.Debug|Any CPU.Build.0 = Debug|Any CPU
		{BFD10D77-2409-493B-BB8B-F3F2855A7EAA}.Release|Any CPU.ActiveCfg = Release|Any CPU
		{BFD10D77-2409-493B-BB8B-F3F2855A7EAA}.Release|Any CPU.Build.0 = Release|Any CPU
		{AF4E34E2-8EA4-4D6C-A85C-68C93F39A7EA}.Debug|Any CPU.ActiveCfg = Debug|Any CPU
		{AF4E34E2-8EA4-4D6C-A85C-68C93F39A7EA}.Debug|Any CPU.Build.0 = Debug|Any CPU
		{AF4E34E2-8EA4-4D6C-A85C-68C93F39A7EA}.Release|Any CPU.ActiveCfg = Release|Any CPU
		{AF4E34E2-8EA4-4D6C-A85C-68C93F39A7EA}.Release|Any CPU.Build.0 = Release|Any CPU
		{2573ECCE-7A63-4526-A510-DF3C53206F3B}.Debug|Any CPU.ActiveCfg = Debug|Any CPU
		{2573ECCE-7A63-4526-A510-DF3C53206F3B}.Debug|Any CPU.Build.0 = Debug|Any CPU
		{2573ECCE-7A63-4526-A510-DF3C53206F3B}.Release|Any CPU.ActiveCfg = Release|Any CPU
		{2573ECCE-7A63-4526-A510-DF3C53206F3B}.Release|Any CPU.Build.0 = Release|Any CPU
		{2D542941-3ADD-4C2F-930A-E1ABBA848458}.Debug|Any CPU.ActiveCfg = Debug|Any CPU
		{2D542941-3ADD-4C2F-930A-E1ABBA848458}.Debug|Any CPU.Build.0 = Debug|Any CPU
		{2D542941-3ADD-4C2F-930A-E1ABBA848458}.Release|Any CPU.ActiveCfg = Release|Any CPU
		{2D542941-3ADD-4C2F-930A-E1ABBA848458}.Release|Any CPU.Build.0 = Release|Any CPU
		{EB3E545A-C3A4-476D-B25F-4DF0E9FAFF7A}.Debug|Any CPU.ActiveCfg = Debug|Any CPU
		{EB3E545A-C3A4-476D-B25F-4DF0E9FAFF7A}.Debug|Any CPU.Build.0 = Debug|Any CPU
		{EB3E545A-C3A4-476D-B25F-4DF0E9FAFF7A}.Release|Any CPU.ActiveCfg = Release|Any CPU
		{EB3E545A-C3A4-476D-B25F-4DF0E9FAFF7A}.Release|Any CPU.Build.0 = Release|Any CPU
		{ABC664E4-9AD6-437A-BE63-5F686FD3CD64}.Debug|Any CPU.ActiveCfg = Debug|Any CPU
		{ABC664E4-9AD6-437A-BE63-5F686FD3CD64}.Debug|Any CPU.Build.0 = Debug|Any CPU
		{ABC664E4-9AD6-437A-BE63-5F686FD3CD64}.Release|Any CPU.ActiveCfg = Release|Any CPU
		{ABC664E4-9AD6-437A-BE63-5F686FD3CD64}.Release|Any CPU.Build.0 = Release|Any CPU
		{FFB4C8D2-CAE0-4883-9E53-BC254CBE0B89}.Debug|Any CPU.ActiveCfg = Debug|Any CPU
		{FFB4C8D2-CAE0-4883-9E53-BC254CBE0B89}.Debug|Any CPU.Build.0 = Debug|Any CPU
		{FFB4C8D2-CAE0-4883-9E53-BC254CBE0B89}.Release|Any CPU.ActiveCfg = Release|Any CPU
		{FFB4C8D2-CAE0-4883-9E53-BC254CBE0B89}.Release|Any CPU.Build.0 = Release|Any CPU
		{8BD85B90-FF26-4552-B615-1A40AB5EF456}.Debug|Any CPU.ActiveCfg = Debug|Any CPU
		{8BD85B90-FF26-4552-B615-1A40AB5EF456}.Debug|Any CPU.Build.0 = Debug|Any CPU
		{8BD85B90-FF26-4552-B615-1A40AB5EF456}.Release|Any CPU.ActiveCfg = Release|Any CPU
		{8BD85B90-FF26-4552-B615-1A40AB5EF456}.Release|Any CPU.Build.0 = Release|Any CPU
	EndGlobalSection
	GlobalSection(SolutionProperties) = preSolution
		HideSolutionNode = FALSE
	EndGlobalSection
EndGlobal
