
Microsoft Visual Studio Solution File, Format Version 12.00
# Visual Studio 14
VisualStudioVersion = 14.0.24720.0
MinimumVisualStudioVersion = 10.0.40219.1
Project("{FAE04EC0-301F-11D3-BF4B-00C04F79EFBC}") = "ErrH.Tools", "ErrH.Tools\ErrH.Tools.csproj", "{090B4845-C936-44E5-97C2-5E876DB08113}"
EndProject
Project("{FAE04EC0-301F-11D3-BF4B-00C04F79EFBC}") = "ErrH.Tools.Tests", "ErrH.Tools.Tests\ErrH.Tools.Tests.csproj", "{C5245B67-A2F2-4126-BDFA-3AAF4568525E}"
EndProject
Project("{FAE04EC0-301F-11D3-BF4B-00C04F79EFBC}") = "ErrH.WinTools", "ErrH.WinTools\ErrH.WinTools.csproj", "{1304A82E-ECD7-430A-BCA7-247E25CD8618}"
EndProject
Project("{FAE04EC0-301F-11D3-BF4B-00C04F79EFBC}") = "ErrH.RestSharpShim", "ErrH.RestSharpShim\ErrH.RestSharpShim.csproj", "{7E14EC14-683A-410D-B4E7-5DD197F93D31}"
EndProject
Project("{FAE04EC0-301F-11D3-BF4B-00C04F79EFBC}") = "ErrH.AutofacShim", "ErrH.AutofacShim\ErrH.AutofacShim.csproj", "{270C32BD-E9A1-4F81-9129-9F269A4139F5}"
EndProject
Project("{FAE04EC0-301F-11D3-BF4B-00C04F79EFBC}") = "ErrH.Drupal7Client", "ErrH.Drupal7Client\ErrH.Drupal7Client.csproj", "{87B6ADC5-78D2-4922-A460-937F9637362D}"
EndProject
Project("{FAE04EC0-301F-11D3-BF4B-00C04F79EFBC}") = "ErrH.JsonNetShim", "ErrH.JsonNetShim\ErrH.JsonNetShim.csproj", "{7D9BE0F8-583C-43A8-806C-EE44C811F045}"
EndProject
Project("{FAE04EC0-301F-11D3-BF4B-00C04F79EFBC}") = "ErrH.WhiteShim", "ErrH.WhiteShim\ErrH.WhiteShim.csproj", "{0540F4AB-1E0A-43B5-AE1F-D48CF7813A9C}"
EndProject
Project("{FAE04EC0-301F-11D3-BF4B-00C04F79EFBC}") = "ErrH.GrowlShim", "ErrH.GrowlShim\ErrH.GrowlShim.csproj", "{16B49954-0412-4562-93C5-AF4A2B81502B}"
EndProject
Project("{FAE04EC0-301F-11D3-BF4B-00C04F79EFBC}") = "ErrH.ConsoleCtrlShim", "ErrH.ConsoleCtrlShim\ErrH.ConsoleCtrlShim.csproj", "{1C435180-CB4C-4B00-9E1D-7F62776E112D}"
EndProject
Project("{FAE04EC0-301F-11D3-BF4B-00C04F79EFBC}") = "ErrH.UploaderApp", "ErrH.UploaderApp\ErrH.UploaderApp.csproj", "{DCC15326-597E-4BC5-A0ED-8FBB8191FF13}"
EndProject
Project("{FAE04EC0-301F-11D3-BF4B-00C04F79EFBC}") = "ErrH.WpfTools", "ErrH.WpfTools\ErrH.WpfTools.csproj", "{BFD10D77-2409-493B-BB8B-F3F2855A7EAA}"
EndProject
Project("{2150E333-8FDC-42A3-9474-1A3956D46DE8}") = "Solution Items", "Solution Items", "{1853853D-74ED-4AB9-A2D8-D1CE34EDC5AC}"
	ProjectSection(SolutionItems) = preProject
		README.md = README.md
	EndProjectSection
EndProject
Project("{FAE04EC0-301F-11D3-BF4B-00C04F79EFBC}") = "ErrH.Uploader.ViewModels", "ErrH.Uploader.ViewModels\ErrH.Uploader.ViewModels.csproj", "{AF4E34E2-8EA4-4D6C-A85C-68C93F39A7EA}"
EndProject
Project("{FAE04EC0-301F-11D3-BF4B-00C04F79EFBC}") = "ErrH.Uploader.WPF", "ErrH.Uploader.WPF\ErrH.Uploader.WPF.csproj", "{2573ECCE-7A63-4526-A510-DF3C53206F3B}"
	ProjectSection(ProjectDependencies) = postProject
		{7E14EC14-683A-410D-B4E7-5DD197F93D31} = {7E14EC14-683A-410D-B4E7-5DD197F93D31}
		{1C435180-CB4C-4B00-9E1D-7F62776E112D} = {1C435180-CB4C-4B00-9E1D-7F62776E112D}
	EndProjectSection
EndProject
Project("{FAE04EC0-301F-11D3-BF4B-00C04F79EFBC}") = "ErrH.Uploader.ViewModels.Tests", "ErrH.Uploader.ViewModels.Tests\ErrH.Uploader.ViewModels.Tests.csproj", "{2D542941-3ADD-4C2F-930A-E1ABBA848458}"
EndProject
Project("{FAE04EC0-301F-11D3-BF4B-00C04F79EFBC}") = "ErrH.XunitTools", "ErrH.XunitTools\ErrH.XunitTools.csproj", "{EB3E545A-C3A4-476D-B25F-4DF0E9FAFF7A}"
EndProject
Project("{FAE04EC0-301F-11D3-BF4B-00C04F79EFBC}") = "ErrH.Uploader.DataAccess", "ErrH.Uploader.DataAccess\ErrH.Uploader.DataAccess.csproj", "{FFB4C8D2-CAE0-4883-9E53-BC254CBE0B89}"
EndProject
Project("{FAE04EC0-301F-11D3-BF4B-00C04F79EFBC}") = "ErrH.WpfTools.Tests", "ErrH.WpfTools.Tests\ErrH.WpfTools.Tests.csproj", "{A17746BB-365B-4502-B242-0FF889C60157}"
EndProject
Project("{FAE04EC0-301F-11D3-BF4B-00C04F79EFBC}") = "ErrH.Drupal7FileUpdater", "ErrH.Drupal7FileUpdater\ErrH.Drupal7FileUpdater.csproj", "{C8012F4D-A7F3-412C-A6F4-574CB99945F4}"
EndProject
Project("{FAE04EC0-301F-11D3-BF4B-00C04F79EFBC}") = "ErrH.OleDbShim", "ErrH.OleDbShim\ErrH.OleDbShim.csproj", "{75241051-5CB8-4FEC-A34E-6F116FB4DD27}"
EndProject
Project("{FAE04EC0-301F-11D3-BF4B-00C04F79EFBC}") = "ErrH.BinUpdater.Core", "ErrH.BinUpdater.Core\ErrH.BinUpdater.Core.csproj", "{E4B7E3C1-79AE-40B9-88CC-2CB9B15460B2}"
EndProject
Project("{FAE04EC0-301F-11D3-BF4B-00C04F79EFBC}") = "ErrH.BinUpdater.ViewModels", "ErrH.BinUpdater.ViewModels\ErrH.BinUpdater.ViewModels.csproj", "{120F28F5-41F4-4F0E-97B4-1056A5E2E963}"
EndProject
Project("{FAE04EC0-301F-11D3-BF4B-00C04F79EFBC}") = "ErrH.BinUpdater.Core.Tests", "ErrH.BinUpdater.Core.Tests\ErrH.BinUpdater.Core.Tests.csproj", "{B2B27336-F917-42A5-8929-6258E0E7B6C1}"
EndProject
Project("{FAE04EC0-301F-11D3-BF4B-00C04F79EFBC}") = "ErrH.BinUpdater.DataAccess", "ErrH.BinUpdater.DataAccess\ErrH.BinUpdater.DataAccess.csproj", "{DFB6ED47-DE16-45A4-A251-65C320D564C3}"
EndProject
Project("{FAE04EC0-301F-11D3-BF4B-00C04F79EFBC}") = "ErrH.SqlClientShim", "ErrH.SqlClientShim\ErrH.SqlClientShim.csproj", "{AD3862C3-DF6E-4F0E-84AA-6A3178235249}"
EndProject
Project("{FAE04EC0-301F-11D3-BF4B-00C04F79EFBC}") = "ErrH.RtfWriterShim", "ErrH.RtfWriterShim\ErrH.RtfWriterShim.csproj", "{C8599E6A-AF4D-4CBC-B45C-6209DCF7479F}"
EndProject
Project("{FAE04EC0-301F-11D3-BF4B-00C04F79EFBC}") = "ErrH.Drupal7RepoUpdater", "ErrH.Drupal7RepoUpdater\ErrH.Drupal7RepoUpdater.csproj", "{EC81A527-9C17-42E3-B75F-53C49A76088D}"
EndProject
Project("{FAE04EC0-301F-11D3-BF4B-00C04F79EFBC}") = "ErrH.SystemDataShimN46", "ErrH.SystemDataShimN46\ErrH.SystemDataShimN46.csproj", "{FB8475A5-7FC0-4AD7-8C43-901F223FEA2A}"
EndProject
Project("{FAE04EC0-301F-11D3-BF4B-00C04F79EFBC}") = "ErrH.D7Poster.WPF", "ErrH.D7Poster.WPF\ErrH.D7Poster.WPF.csproj", "{8D73576F-CF47-47D6-BED2-34295502522D}"
EndProject
Project("{FAE04EC0-301F-11D3-BF4B-00C04F79EFBC}") = "ErrH.Wpf.net45", "ErrH.Wpf.net45\ErrH.Wpf.net45.csproj", "{5910384F-755B-4468-B18B-A3FBC1D04E5C}"
EndProject
Project("{FAE04EC0-301F-11D3-BF4B-00C04F79EFBC}") = "ErrH.WpfRestClient.net45", "ErrH.WpfRestClient.net45\ErrH.WpfRestClient.net45.csproj", "{5C03CB28-DF74-467C-A790-EC5E7A3A6C30}"
EndProject
Project("{FAE04EC0-301F-11D3-BF4B-00C04F79EFBC}") = "ErrH.RestClient.PCL45", "ErrH.RestClient.PCL45\ErrH.RestClient.PCL45.csproj", "{177B69D4-514D-4E19-B68F-E6CE7C3E0D7E}"
EndProject
Project("{FAE04EC0-301F-11D3-BF4B-00C04F79EFBC}") = "ErrH.Core.PCL45", "ErrH.Core.PCL45\ErrH.Core.PCL45.csproj", "{CCF61241-4822-476E-8697-09430B0B5C56}"
EndProject
Global
	GlobalSection(SolutionConfigurationPlatforms) = preSolution
		Debug|Any CPU = Debug|Any CPU
		Debug|ARM = Debug|ARM
		Debug|x64 = Debug|x64
		Debug|x86 = Debug|x86
		Release|Any CPU = Release|Any CPU
		Release|ARM = Release|ARM
		Release|x64 = Release|x64
		Release|x86 = Release|x86
	EndGlobalSection
	GlobalSection(ProjectConfigurationPlatforms) = postSolution
		{090B4845-C936-44E5-97C2-5E876DB08113}.Debug|Any CPU.ActiveCfg = Debug|Any CPU
		{090B4845-C936-44E5-97C2-5E876DB08113}.Debug|Any CPU.Build.0 = Debug|Any CPU
		{090B4845-C936-44E5-97C2-5E876DB08113}.Debug|ARM.ActiveCfg = Debug|Any CPU
		{090B4845-C936-44E5-97C2-5E876DB08113}.Debug|ARM.Build.0 = Debug|Any CPU
		{090B4845-C936-44E5-97C2-5E876DB08113}.Debug|x64.ActiveCfg = Debug|Any CPU
		{090B4845-C936-44E5-97C2-5E876DB08113}.Debug|x64.Build.0 = Debug|Any CPU
		{090B4845-C936-44E5-97C2-5E876DB08113}.Debug|x86.ActiveCfg = Debug|Any CPU
		{090B4845-C936-44E5-97C2-5E876DB08113}.Debug|x86.Build.0 = Debug|Any CPU
		{090B4845-C936-44E5-97C2-5E876DB08113}.Release|Any CPU.ActiveCfg = Release|Any CPU
		{090B4845-C936-44E5-97C2-5E876DB08113}.Release|Any CPU.Build.0 = Release|Any CPU
		{090B4845-C936-44E5-97C2-5E876DB08113}.Release|ARM.ActiveCfg = Release|Any CPU
		{090B4845-C936-44E5-97C2-5E876DB08113}.Release|ARM.Build.0 = Release|Any CPU
		{090B4845-C936-44E5-97C2-5E876DB08113}.Release|x64.ActiveCfg = Release|Any CPU
		{090B4845-C936-44E5-97C2-5E876DB08113}.Release|x64.Build.0 = Release|Any CPU
		{090B4845-C936-44E5-97C2-5E876DB08113}.Release|x86.ActiveCfg = Release|Any CPU
		{090B4845-C936-44E5-97C2-5E876DB08113}.Release|x86.Build.0 = Release|Any CPU
		{C5245B67-A2F2-4126-BDFA-3AAF4568525E}.Debug|Any CPU.ActiveCfg = Debug|Any CPU
		{C5245B67-A2F2-4126-BDFA-3AAF4568525E}.Debug|Any CPU.Build.0 = Debug|Any CPU
		{C5245B67-A2F2-4126-BDFA-3AAF4568525E}.Debug|ARM.ActiveCfg = Debug|Any CPU
		{C5245B67-A2F2-4126-BDFA-3AAF4568525E}.Debug|ARM.Build.0 = Debug|Any CPU
		{C5245B67-A2F2-4126-BDFA-3AAF4568525E}.Debug|x64.ActiveCfg = Debug|Any CPU
		{C5245B67-A2F2-4126-BDFA-3AAF4568525E}.Debug|x64.Build.0 = Debug|Any CPU
		{C5245B67-A2F2-4126-BDFA-3AAF4568525E}.Debug|x86.ActiveCfg = Debug|Any CPU
		{C5245B67-A2F2-4126-BDFA-3AAF4568525E}.Debug|x86.Build.0 = Debug|Any CPU
		{C5245B67-A2F2-4126-BDFA-3AAF4568525E}.Release|Any CPU.ActiveCfg = Release|Any CPU
		{C5245B67-A2F2-4126-BDFA-3AAF4568525E}.Release|Any CPU.Build.0 = Release|Any CPU
		{C5245B67-A2F2-4126-BDFA-3AAF4568525E}.Release|ARM.ActiveCfg = Release|Any CPU
		{C5245B67-A2F2-4126-BDFA-3AAF4568525E}.Release|ARM.Build.0 = Release|Any CPU
		{C5245B67-A2F2-4126-BDFA-3AAF4568525E}.Release|x64.ActiveCfg = Release|Any CPU
		{C5245B67-A2F2-4126-BDFA-3AAF4568525E}.Release|x64.Build.0 = Release|Any CPU
		{C5245B67-A2F2-4126-BDFA-3AAF4568525E}.Release|x86.ActiveCfg = Release|Any CPU
		{C5245B67-A2F2-4126-BDFA-3AAF4568525E}.Release|x86.Build.0 = Release|Any CPU
		{1304A82E-ECD7-430A-BCA7-247E25CD8618}.Debug|Any CPU.ActiveCfg = Debug|Any CPU
		{1304A82E-ECD7-430A-BCA7-247E25CD8618}.Debug|Any CPU.Build.0 = Debug|Any CPU
		{1304A82E-ECD7-430A-BCA7-247E25CD8618}.Debug|ARM.ActiveCfg = Debug|Any CPU
		{1304A82E-ECD7-430A-BCA7-247E25CD8618}.Debug|ARM.Build.0 = Debug|Any CPU
		{1304A82E-ECD7-430A-BCA7-247E25CD8618}.Debug|x64.ActiveCfg = Debug|Any CPU
		{1304A82E-ECD7-430A-BCA7-247E25CD8618}.Debug|x64.Build.0 = Debug|Any CPU
		{1304A82E-ECD7-430A-BCA7-247E25CD8618}.Debug|x86.ActiveCfg = Debug|Any CPU
		{1304A82E-ECD7-430A-BCA7-247E25CD8618}.Debug|x86.Build.0 = Debug|Any CPU
		{1304A82E-ECD7-430A-BCA7-247E25CD8618}.Release|Any CPU.ActiveCfg = Release|Any CPU
		{1304A82E-ECD7-430A-BCA7-247E25CD8618}.Release|Any CPU.Build.0 = Release|Any CPU
		{1304A82E-ECD7-430A-BCA7-247E25CD8618}.Release|ARM.ActiveCfg = Release|Any CPU
		{1304A82E-ECD7-430A-BCA7-247E25CD8618}.Release|ARM.Build.0 = Release|Any CPU
		{1304A82E-ECD7-430A-BCA7-247E25CD8618}.Release|x64.ActiveCfg = Release|Any CPU
		{1304A82E-ECD7-430A-BCA7-247E25CD8618}.Release|x64.Build.0 = Release|Any CPU
		{1304A82E-ECD7-430A-BCA7-247E25CD8618}.Release|x86.ActiveCfg = Release|Any CPU
		{1304A82E-ECD7-430A-BCA7-247E25CD8618}.Release|x86.Build.0 = Release|Any CPU
		{7E14EC14-683A-410D-B4E7-5DD197F93D31}.Debug|Any CPU.ActiveCfg = Debug|Any CPU
		{7E14EC14-683A-410D-B4E7-5DD197F93D31}.Debug|Any CPU.Build.0 = Debug|Any CPU
		{7E14EC14-683A-410D-B4E7-5DD197F93D31}.Debug|ARM.ActiveCfg = Debug|Any CPU
		{7E14EC14-683A-410D-B4E7-5DD197F93D31}.Debug|ARM.Build.0 = Debug|Any CPU
		{7E14EC14-683A-410D-B4E7-5DD197F93D31}.Debug|x64.ActiveCfg = Debug|Any CPU
		{7E14EC14-683A-410D-B4E7-5DD197F93D31}.Debug|x64.Build.0 = Debug|Any CPU
		{7E14EC14-683A-410D-B4E7-5DD197F93D31}.Debug|x86.ActiveCfg = Debug|Any CPU
		{7E14EC14-683A-410D-B4E7-5DD197F93D31}.Debug|x86.Build.0 = Debug|Any CPU
		{7E14EC14-683A-410D-B4E7-5DD197F93D31}.Release|Any CPU.ActiveCfg = Release|Any CPU
		{7E14EC14-683A-410D-B4E7-5DD197F93D31}.Release|Any CPU.Build.0 = Release|Any CPU
		{7E14EC14-683A-410D-B4E7-5DD197F93D31}.Release|ARM.ActiveCfg = Release|Any CPU
		{7E14EC14-683A-410D-B4E7-5DD197F93D31}.Release|ARM.Build.0 = Release|Any CPU
		{7E14EC14-683A-410D-B4E7-5DD197F93D31}.Release|x64.ActiveCfg = Release|Any CPU
		{7E14EC14-683A-410D-B4E7-5DD197F93D31}.Release|x64.Build.0 = Release|Any CPU
		{7E14EC14-683A-410D-B4E7-5DD197F93D31}.Release|x86.ActiveCfg = Release|Any CPU
		{7E14EC14-683A-410D-B4E7-5DD197F93D31}.Release|x86.Build.0 = Release|Any CPU
		{270C32BD-E9A1-4F81-9129-9F269A4139F5}.Debug|Any CPU.ActiveCfg = Debug|Any CPU
		{270C32BD-E9A1-4F81-9129-9F269A4139F5}.Debug|Any CPU.Build.0 = Debug|Any CPU
		{270C32BD-E9A1-4F81-9129-9F269A4139F5}.Debug|ARM.ActiveCfg = Debug|Any CPU
		{270C32BD-E9A1-4F81-9129-9F269A4139F5}.Debug|ARM.Build.0 = Debug|Any CPU
		{270C32BD-E9A1-4F81-9129-9F269A4139F5}.Debug|x64.ActiveCfg = Debug|Any CPU
		{270C32BD-E9A1-4F81-9129-9F269A4139F5}.Debug|x64.Build.0 = Debug|Any CPU
		{270C32BD-E9A1-4F81-9129-9F269A4139F5}.Debug|x86.ActiveCfg = Debug|Any CPU
		{270C32BD-E9A1-4F81-9129-9F269A4139F5}.Debug|x86.Build.0 = Debug|Any CPU
		{270C32BD-E9A1-4F81-9129-9F269A4139F5}.Release|Any CPU.ActiveCfg = Release|Any CPU
		{270C32BD-E9A1-4F81-9129-9F269A4139F5}.Release|Any CPU.Build.0 = Release|Any CPU
		{270C32BD-E9A1-4F81-9129-9F269A4139F5}.Release|ARM.ActiveCfg = Release|Any CPU
		{270C32BD-E9A1-4F81-9129-9F269A4139F5}.Release|ARM.Build.0 = Release|Any CPU
		{270C32BD-E9A1-4F81-9129-9F269A4139F5}.Release|x64.ActiveCfg = Release|Any CPU
		{270C32BD-E9A1-4F81-9129-9F269A4139F5}.Release|x64.Build.0 = Release|Any CPU
		{270C32BD-E9A1-4F81-9129-9F269A4139F5}.Release|x86.ActiveCfg = Release|Any CPU
		{270C32BD-E9A1-4F81-9129-9F269A4139F5}.Release|x86.Build.0 = Release|Any CPU
		{87B6ADC5-78D2-4922-A460-937F9637362D}.Debug|Any CPU.ActiveCfg = Debug|Any CPU
		{87B6ADC5-78D2-4922-A460-937F9637362D}.Debug|Any CPU.Build.0 = Debug|Any CPU
		{87B6ADC5-78D2-4922-A460-937F9637362D}.Debug|ARM.ActiveCfg = Debug|Any CPU
		{87B6ADC5-78D2-4922-A460-937F9637362D}.Debug|ARM.Build.0 = Debug|Any CPU
		{87B6ADC5-78D2-4922-A460-937F9637362D}.Debug|x64.ActiveCfg = Debug|Any CPU
		{87B6ADC5-78D2-4922-A460-937F9637362D}.Debug|x64.Build.0 = Debug|Any CPU
		{87B6ADC5-78D2-4922-A460-937F9637362D}.Debug|x86.ActiveCfg = Debug|Any CPU
		{87B6ADC5-78D2-4922-A460-937F9637362D}.Debug|x86.Build.0 = Debug|Any CPU
		{87B6ADC5-78D2-4922-A460-937F9637362D}.Release|Any CPU.ActiveCfg = Release|Any CPU
		{87B6ADC5-78D2-4922-A460-937F9637362D}.Release|Any CPU.Build.0 = Release|Any CPU
		{87B6ADC5-78D2-4922-A460-937F9637362D}.Release|ARM.ActiveCfg = Release|Any CPU
		{87B6ADC5-78D2-4922-A460-937F9637362D}.Release|ARM.Build.0 = Release|Any CPU
		{87B6ADC5-78D2-4922-A460-937F9637362D}.Release|x64.ActiveCfg = Release|Any CPU
		{87B6ADC5-78D2-4922-A460-937F9637362D}.Release|x64.Build.0 = Release|Any CPU
		{87B6ADC5-78D2-4922-A460-937F9637362D}.Release|x86.ActiveCfg = Release|Any CPU
		{87B6ADC5-78D2-4922-A460-937F9637362D}.Release|x86.Build.0 = Release|Any CPU
		{7D9BE0F8-583C-43A8-806C-EE44C811F045}.Debug|Any CPU.ActiveCfg = Debug|Any CPU
		{7D9BE0F8-583C-43A8-806C-EE44C811F045}.Debug|Any CPU.Build.0 = Debug|Any CPU
		{7D9BE0F8-583C-43A8-806C-EE44C811F045}.Debug|ARM.ActiveCfg = Debug|Any CPU
		{7D9BE0F8-583C-43A8-806C-EE44C811F045}.Debug|ARM.Build.0 = Debug|Any CPU
		{7D9BE0F8-583C-43A8-806C-EE44C811F045}.Debug|x64.ActiveCfg = Debug|Any CPU
		{7D9BE0F8-583C-43A8-806C-EE44C811F045}.Debug|x64.Build.0 = Debug|Any CPU
		{7D9BE0F8-583C-43A8-806C-EE44C811F045}.Debug|x86.ActiveCfg = Debug|Any CPU
		{7D9BE0F8-583C-43A8-806C-EE44C811F045}.Debug|x86.Build.0 = Debug|Any CPU
		{7D9BE0F8-583C-43A8-806C-EE44C811F045}.Release|Any CPU.ActiveCfg = Release|Any CPU
		{7D9BE0F8-583C-43A8-806C-EE44C811F045}.Release|Any CPU.Build.0 = Release|Any CPU
		{7D9BE0F8-583C-43A8-806C-EE44C811F045}.Release|ARM.ActiveCfg = Release|Any CPU
		{7D9BE0F8-583C-43A8-806C-EE44C811F045}.Release|ARM.Build.0 = Release|Any CPU
		{7D9BE0F8-583C-43A8-806C-EE44C811F045}.Release|x64.ActiveCfg = Release|Any CPU
		{7D9BE0F8-583C-43A8-806C-EE44C811F045}.Release|x64.Build.0 = Release|Any CPU
		{7D9BE0F8-583C-43A8-806C-EE44C811F045}.Release|x86.ActiveCfg = Release|Any CPU
		{7D9BE0F8-583C-43A8-806C-EE44C811F045}.Release|x86.Build.0 = Release|Any CPU
		{0540F4AB-1E0A-43B5-AE1F-D48CF7813A9C}.Debug|Any CPU.ActiveCfg = Debug|Any CPU
		{0540F4AB-1E0A-43B5-AE1F-D48CF7813A9C}.Debug|Any CPU.Build.0 = Debug|Any CPU
		{0540F4AB-1E0A-43B5-AE1F-D48CF7813A9C}.Debug|ARM.ActiveCfg = Debug|Any CPU
		{0540F4AB-1E0A-43B5-AE1F-D48CF7813A9C}.Debug|ARM.Build.0 = Debug|Any CPU
		{0540F4AB-1E0A-43B5-AE1F-D48CF7813A9C}.Debug|x64.ActiveCfg = Debug|Any CPU
		{0540F4AB-1E0A-43B5-AE1F-D48CF7813A9C}.Debug|x64.Build.0 = Debug|Any CPU
		{0540F4AB-1E0A-43B5-AE1F-D48CF7813A9C}.Debug|x86.ActiveCfg = Debug|Any CPU
		{0540F4AB-1E0A-43B5-AE1F-D48CF7813A9C}.Debug|x86.Build.0 = Debug|Any CPU
		{0540F4AB-1E0A-43B5-AE1F-D48CF7813A9C}.Release|Any CPU.ActiveCfg = Release|Any CPU
		{0540F4AB-1E0A-43B5-AE1F-D48CF7813A9C}.Release|Any CPU.Build.0 = Release|Any CPU
		{0540F4AB-1E0A-43B5-AE1F-D48CF7813A9C}.Release|ARM.ActiveCfg = Release|Any CPU
		{0540F4AB-1E0A-43B5-AE1F-D48CF7813A9C}.Release|ARM.Build.0 = Release|Any CPU
		{0540F4AB-1E0A-43B5-AE1F-D48CF7813A9C}.Release|x64.ActiveCfg = Release|Any CPU
		{0540F4AB-1E0A-43B5-AE1F-D48CF7813A9C}.Release|x64.Build.0 = Release|Any CPU
		{0540F4AB-1E0A-43B5-AE1F-D48CF7813A9C}.Release|x86.ActiveCfg = Release|Any CPU
		{0540F4AB-1E0A-43B5-AE1F-D48CF7813A9C}.Release|x86.Build.0 = Release|Any CPU
		{16B49954-0412-4562-93C5-AF4A2B81502B}.Debug|Any CPU.ActiveCfg = Debug|Any CPU
		{16B49954-0412-4562-93C5-AF4A2B81502B}.Debug|Any CPU.Build.0 = Debug|Any CPU
		{16B49954-0412-4562-93C5-AF4A2B81502B}.Debug|ARM.ActiveCfg = Debug|Any CPU
		{16B49954-0412-4562-93C5-AF4A2B81502B}.Debug|ARM.Build.0 = Debug|Any CPU
		{16B49954-0412-4562-93C5-AF4A2B81502B}.Debug|x64.ActiveCfg = Debug|Any CPU
		{16B49954-0412-4562-93C5-AF4A2B81502B}.Debug|x64.Build.0 = Debug|Any CPU
		{16B49954-0412-4562-93C5-AF4A2B81502B}.Debug|x86.ActiveCfg = Debug|Any CPU
		{16B49954-0412-4562-93C5-AF4A2B81502B}.Debug|x86.Build.0 = Debug|Any CPU
		{16B49954-0412-4562-93C5-AF4A2B81502B}.Release|Any CPU.ActiveCfg = Release|Any CPU
		{16B49954-0412-4562-93C5-AF4A2B81502B}.Release|Any CPU.Build.0 = Release|Any CPU
		{16B49954-0412-4562-93C5-AF4A2B81502B}.Release|ARM.ActiveCfg = Release|Any CPU
		{16B49954-0412-4562-93C5-AF4A2B81502B}.Release|ARM.Build.0 = Release|Any CPU
		{16B49954-0412-4562-93C5-AF4A2B81502B}.Release|x64.ActiveCfg = Release|Any CPU
		{16B49954-0412-4562-93C5-AF4A2B81502B}.Release|x64.Build.0 = Release|Any CPU
		{16B49954-0412-4562-93C5-AF4A2B81502B}.Release|x86.ActiveCfg = Release|Any CPU
		{16B49954-0412-4562-93C5-AF4A2B81502B}.Release|x86.Build.0 = Release|Any CPU
		{1C435180-CB4C-4B00-9E1D-7F62776E112D}.Debug|Any CPU.ActiveCfg = Debug|Any CPU
		{1C435180-CB4C-4B00-9E1D-7F62776E112D}.Debug|Any CPU.Build.0 = Debug|Any CPU
		{1C435180-CB4C-4B00-9E1D-7F62776E112D}.Debug|ARM.ActiveCfg = Debug|Any CPU
		{1C435180-CB4C-4B00-9E1D-7F62776E112D}.Debug|ARM.Build.0 = Debug|Any CPU
		{1C435180-CB4C-4B00-9E1D-7F62776E112D}.Debug|x64.ActiveCfg = Debug|Any CPU
		{1C435180-CB4C-4B00-9E1D-7F62776E112D}.Debug|x64.Build.0 = Debug|Any CPU
		{1C435180-CB4C-4B00-9E1D-7F62776E112D}.Debug|x86.ActiveCfg = Debug|Any CPU
		{1C435180-CB4C-4B00-9E1D-7F62776E112D}.Debug|x86.Build.0 = Debug|Any CPU
		{1C435180-CB4C-4B00-9E1D-7F62776E112D}.Release|Any CPU.ActiveCfg = Release|Any CPU
		{1C435180-CB4C-4B00-9E1D-7F62776E112D}.Release|Any CPU.Build.0 = Release|Any CPU
		{1C435180-CB4C-4B00-9E1D-7F62776E112D}.Release|ARM.ActiveCfg = Release|Any CPU
		{1C435180-CB4C-4B00-9E1D-7F62776E112D}.Release|ARM.Build.0 = Release|Any CPU
		{1C435180-CB4C-4B00-9E1D-7F62776E112D}.Release|x64.ActiveCfg = Release|Any CPU
		{1C435180-CB4C-4B00-9E1D-7F62776E112D}.Release|x64.Build.0 = Release|Any CPU
		{1C435180-CB4C-4B00-9E1D-7F62776E112D}.Release|x86.ActiveCfg = Release|Any CPU
		{1C435180-CB4C-4B00-9E1D-7F62776E112D}.Release|x86.Build.0 = Release|Any CPU
		{DCC15326-597E-4BC5-A0ED-8FBB8191FF13}.Debug|Any CPU.ActiveCfg = Debug|Any CPU
		{DCC15326-597E-4BC5-A0ED-8FBB8191FF13}.Debug|Any CPU.Build.0 = Debug|Any CPU
		{DCC15326-597E-4BC5-A0ED-8FBB8191FF13}.Debug|ARM.ActiveCfg = Debug|Any CPU
		{DCC15326-597E-4BC5-A0ED-8FBB8191FF13}.Debug|ARM.Build.0 = Debug|Any CPU
		{DCC15326-597E-4BC5-A0ED-8FBB8191FF13}.Debug|x64.ActiveCfg = Debug|Any CPU
		{DCC15326-597E-4BC5-A0ED-8FBB8191FF13}.Debug|x64.Build.0 = Debug|Any CPU
		{DCC15326-597E-4BC5-A0ED-8FBB8191FF13}.Debug|x86.ActiveCfg = Debug|Any CPU
		{DCC15326-597E-4BC5-A0ED-8FBB8191FF13}.Debug|x86.Build.0 = Debug|Any CPU
		{DCC15326-597E-4BC5-A0ED-8FBB8191FF13}.Release|Any CPU.ActiveCfg = Release|Any CPU
		{DCC15326-597E-4BC5-A0ED-8FBB8191FF13}.Release|Any CPU.Build.0 = Release|Any CPU
		{DCC15326-597E-4BC5-A0ED-8FBB8191FF13}.Release|ARM.ActiveCfg = Release|Any CPU
		{DCC15326-597E-4BC5-A0ED-8FBB8191FF13}.Release|ARM.Build.0 = Release|Any CPU
		{DCC15326-597E-4BC5-A0ED-8FBB8191FF13}.Release|x64.ActiveCfg = Release|Any CPU
		{DCC15326-597E-4BC5-A0ED-8FBB8191FF13}.Release|x64.Build.0 = Release|Any CPU
		{DCC15326-597E-4BC5-A0ED-8FBB8191FF13}.Release|x86.ActiveCfg = Release|Any CPU
		{DCC15326-597E-4BC5-A0ED-8FBB8191FF13}.Release|x86.Build.0 = Release|Any CPU
		{BFD10D77-2409-493B-BB8B-F3F2855A7EAA}.Debug|Any CPU.ActiveCfg = Debug|Any CPU
		{BFD10D77-2409-493B-BB8B-F3F2855A7EAA}.Debug|Any CPU.Build.0 = Debug|Any CPU
		{BFD10D77-2409-493B-BB8B-F3F2855A7EAA}.Debug|ARM.ActiveCfg = Debug|Any CPU
		{BFD10D77-2409-493B-BB8B-F3F2855A7EAA}.Debug|ARM.Build.0 = Debug|Any CPU
		{BFD10D77-2409-493B-BB8B-F3F2855A7EAA}.Debug|x64.ActiveCfg = Debug|Any CPU
		{BFD10D77-2409-493B-BB8B-F3F2855A7EAA}.Debug|x64.Build.0 = Debug|Any CPU
		{BFD10D77-2409-493B-BB8B-F3F2855A7EAA}.Debug|x86.ActiveCfg = Debug|Any CPU
		{BFD10D77-2409-493B-BB8B-F3F2855A7EAA}.Debug|x86.Build.0 = Debug|Any CPU
		{BFD10D77-2409-493B-BB8B-F3F2855A7EAA}.Release|Any CPU.ActiveCfg = Release|Any CPU
		{BFD10D77-2409-493B-BB8B-F3F2855A7EAA}.Release|Any CPU.Build.0 = Release|Any CPU
		{BFD10D77-2409-493B-BB8B-F3F2855A7EAA}.Release|ARM.ActiveCfg = Release|Any CPU
		{BFD10D77-2409-493B-BB8B-F3F2855A7EAA}.Release|ARM.Build.0 = Release|Any CPU
		{BFD10D77-2409-493B-BB8B-F3F2855A7EAA}.Release|x64.ActiveCfg = Release|Any CPU
		{BFD10D77-2409-493B-BB8B-F3F2855A7EAA}.Release|x64.Build.0 = Release|Any CPU
		{BFD10D77-2409-493B-BB8B-F3F2855A7EAA}.Release|x86.ActiveCfg = Release|Any CPU
		{BFD10D77-2409-493B-BB8B-F3F2855A7EAA}.Release|x86.Build.0 = Release|Any CPU
		{AF4E34E2-8EA4-4D6C-A85C-68C93F39A7EA}.Debug|Any CPU.ActiveCfg = Debug|Any CPU
		{AF4E34E2-8EA4-4D6C-A85C-68C93F39A7EA}.Debug|Any CPU.Build.0 = Debug|Any CPU
		{AF4E34E2-8EA4-4D6C-A85C-68C93F39A7EA}.Debug|ARM.ActiveCfg = Debug|Any CPU
		{AF4E34E2-8EA4-4D6C-A85C-68C93F39A7EA}.Debug|ARM.Build.0 = Debug|Any CPU
		{AF4E34E2-8EA4-4D6C-A85C-68C93F39A7EA}.Debug|x64.ActiveCfg = Debug|Any CPU
		{AF4E34E2-8EA4-4D6C-A85C-68C93F39A7EA}.Debug|x64.Build.0 = Debug|Any CPU
		{AF4E34E2-8EA4-4D6C-A85C-68C93F39A7EA}.Debug|x86.ActiveCfg = Debug|Any CPU
		{AF4E34E2-8EA4-4D6C-A85C-68C93F39A7EA}.Debug|x86.Build.0 = Debug|Any CPU
		{AF4E34E2-8EA4-4D6C-A85C-68C93F39A7EA}.Release|Any CPU.ActiveCfg = Release|Any CPU
		{AF4E34E2-8EA4-4D6C-A85C-68C93F39A7EA}.Release|Any CPU.Build.0 = Release|Any CPU
		{AF4E34E2-8EA4-4D6C-A85C-68C93F39A7EA}.Release|ARM.ActiveCfg = Release|Any CPU
		{AF4E34E2-8EA4-4D6C-A85C-68C93F39A7EA}.Release|ARM.Build.0 = Release|Any CPU
		{AF4E34E2-8EA4-4D6C-A85C-68C93F39A7EA}.Release|x64.ActiveCfg = Release|Any CPU
		{AF4E34E2-8EA4-4D6C-A85C-68C93F39A7EA}.Release|x64.Build.0 = Release|Any CPU
		{AF4E34E2-8EA4-4D6C-A85C-68C93F39A7EA}.Release|x86.ActiveCfg = Release|Any CPU
		{AF4E34E2-8EA4-4D6C-A85C-68C93F39A7EA}.Release|x86.Build.0 = Release|Any CPU
		{2573ECCE-7A63-4526-A510-DF3C53206F3B}.Debug|Any CPU.ActiveCfg = Debug|Any CPU
		{2573ECCE-7A63-4526-A510-DF3C53206F3B}.Debug|Any CPU.Build.0 = Debug|Any CPU
		{2573ECCE-7A63-4526-A510-DF3C53206F3B}.Debug|ARM.ActiveCfg = Debug|Any CPU
		{2573ECCE-7A63-4526-A510-DF3C53206F3B}.Debug|ARM.Build.0 = Debug|Any CPU
		{2573ECCE-7A63-4526-A510-DF3C53206F3B}.Debug|x64.ActiveCfg = Debug|Any CPU
		{2573ECCE-7A63-4526-A510-DF3C53206F3B}.Debug|x64.Build.0 = Debug|Any CPU
		{2573ECCE-7A63-4526-A510-DF3C53206F3B}.Debug|x86.ActiveCfg = Debug|Any CPU
		{2573ECCE-7A63-4526-A510-DF3C53206F3B}.Debug|x86.Build.0 = Debug|Any CPU
		{2573ECCE-7A63-4526-A510-DF3C53206F3B}.Release|Any CPU.ActiveCfg = Release|Any CPU
		{2573ECCE-7A63-4526-A510-DF3C53206F3B}.Release|Any CPU.Build.0 = Release|Any CPU
		{2573ECCE-7A63-4526-A510-DF3C53206F3B}.Release|ARM.ActiveCfg = Release|Any CPU
		{2573ECCE-7A63-4526-A510-DF3C53206F3B}.Release|ARM.Build.0 = Release|Any CPU
		{2573ECCE-7A63-4526-A510-DF3C53206F3B}.Release|x64.ActiveCfg = Release|Any CPU
		{2573ECCE-7A63-4526-A510-DF3C53206F3B}.Release|x64.Build.0 = Release|Any CPU
		{2573ECCE-7A63-4526-A510-DF3C53206F3B}.Release|x86.ActiveCfg = Release|Any CPU
		{2573ECCE-7A63-4526-A510-DF3C53206F3B}.Release|x86.Build.0 = Release|Any CPU
		{2D542941-3ADD-4C2F-930A-E1ABBA848458}.Debug|Any CPU.ActiveCfg = Debug|Any CPU
		{2D542941-3ADD-4C2F-930A-E1ABBA848458}.Debug|Any CPU.Build.0 = Debug|Any CPU
		{2D542941-3ADD-4C2F-930A-E1ABBA848458}.Debug|ARM.ActiveCfg = Debug|Any CPU
		{2D542941-3ADD-4C2F-930A-E1ABBA848458}.Debug|ARM.Build.0 = Debug|Any CPU
		{2D542941-3ADD-4C2F-930A-E1ABBA848458}.Debug|x64.ActiveCfg = Debug|Any CPU
		{2D542941-3ADD-4C2F-930A-E1ABBA848458}.Debug|x64.Build.0 = Debug|Any CPU
		{2D542941-3ADD-4C2F-930A-E1ABBA848458}.Debug|x86.ActiveCfg = Debug|Any CPU
		{2D542941-3ADD-4C2F-930A-E1ABBA848458}.Debug|x86.Build.0 = Debug|Any CPU
		{2D542941-3ADD-4C2F-930A-E1ABBA848458}.Release|Any CPU.ActiveCfg = Release|Any CPU
		{2D542941-3ADD-4C2F-930A-E1ABBA848458}.Release|Any CPU.Build.0 = Release|Any CPU
		{2D542941-3ADD-4C2F-930A-E1ABBA848458}.Release|ARM.ActiveCfg = Release|Any CPU
		{2D542941-3ADD-4C2F-930A-E1ABBA848458}.Release|ARM.Build.0 = Release|Any CPU
		{2D542941-3ADD-4C2F-930A-E1ABBA848458}.Release|x64.ActiveCfg = Release|Any CPU
		{2D542941-3ADD-4C2F-930A-E1ABBA848458}.Release|x64.Build.0 = Release|Any CPU
		{2D542941-3ADD-4C2F-930A-E1ABBA848458}.Release|x86.ActiveCfg = Release|Any CPU
		{2D542941-3ADD-4C2F-930A-E1ABBA848458}.Release|x86.Build.0 = Release|Any CPU
		{EB3E545A-C3A4-476D-B25F-4DF0E9FAFF7A}.Debug|Any CPU.ActiveCfg = Debug|Any CPU
		{EB3E545A-C3A4-476D-B25F-4DF0E9FAFF7A}.Debug|Any CPU.Build.0 = Debug|Any CPU
		{EB3E545A-C3A4-476D-B25F-4DF0E9FAFF7A}.Debug|ARM.ActiveCfg = Debug|Any CPU
		{EB3E545A-C3A4-476D-B25F-4DF0E9FAFF7A}.Debug|ARM.Build.0 = Debug|Any CPU
		{EB3E545A-C3A4-476D-B25F-4DF0E9FAFF7A}.Debug|x64.ActiveCfg = Debug|Any CPU
		{EB3E545A-C3A4-476D-B25F-4DF0E9FAFF7A}.Debug|x64.Build.0 = Debug|Any CPU
		{EB3E545A-C3A4-476D-B25F-4DF0E9FAFF7A}.Debug|x86.ActiveCfg = Debug|Any CPU
		{EB3E545A-C3A4-476D-B25F-4DF0E9FAFF7A}.Debug|x86.Build.0 = Debug|Any CPU
		{EB3E545A-C3A4-476D-B25F-4DF0E9FAFF7A}.Release|Any CPU.ActiveCfg = Release|Any CPU
		{EB3E545A-C3A4-476D-B25F-4DF0E9FAFF7A}.Release|Any CPU.Build.0 = Release|Any CPU
		{EB3E545A-C3A4-476D-B25F-4DF0E9FAFF7A}.Release|ARM.ActiveCfg = Release|Any CPU
		{EB3E545A-C3A4-476D-B25F-4DF0E9FAFF7A}.Release|ARM.Build.0 = Release|Any CPU
		{EB3E545A-C3A4-476D-B25F-4DF0E9FAFF7A}.Release|x64.ActiveCfg = Release|Any CPU
		{EB3E545A-C3A4-476D-B25F-4DF0E9FAFF7A}.Release|x64.Build.0 = Release|Any CPU
		{EB3E545A-C3A4-476D-B25F-4DF0E9FAFF7A}.Release|x86.ActiveCfg = Release|Any CPU
		{EB3E545A-C3A4-476D-B25F-4DF0E9FAFF7A}.Release|x86.Build.0 = Release|Any CPU
		{FFB4C8D2-CAE0-4883-9E53-BC254CBE0B89}.Debug|Any CPU.ActiveCfg = Debug|Any CPU
		{FFB4C8D2-CAE0-4883-9E53-BC254CBE0B89}.Debug|Any CPU.Build.0 = Debug|Any CPU
		{FFB4C8D2-CAE0-4883-9E53-BC254CBE0B89}.Debug|ARM.ActiveCfg = Debug|Any CPU
		{FFB4C8D2-CAE0-4883-9E53-BC254CBE0B89}.Debug|ARM.Build.0 = Debug|Any CPU
		{FFB4C8D2-CAE0-4883-9E53-BC254CBE0B89}.Debug|x64.ActiveCfg = Debug|Any CPU
		{FFB4C8D2-CAE0-4883-9E53-BC254CBE0B89}.Debug|x64.Build.0 = Debug|Any CPU
		{FFB4C8D2-CAE0-4883-9E53-BC254CBE0B89}.Debug|x86.ActiveCfg = Debug|Any CPU
		{FFB4C8D2-CAE0-4883-9E53-BC254CBE0B89}.Debug|x86.Build.0 = Debug|Any CPU
		{FFB4C8D2-CAE0-4883-9E53-BC254CBE0B89}.Release|Any CPU.ActiveCfg = Release|Any CPU
		{FFB4C8D2-CAE0-4883-9E53-BC254CBE0B89}.Release|Any CPU.Build.0 = Release|Any CPU
		{FFB4C8D2-CAE0-4883-9E53-BC254CBE0B89}.Release|ARM.ActiveCfg = Release|Any CPU
		{FFB4C8D2-CAE0-4883-9E53-BC254CBE0B89}.Release|ARM.Build.0 = Release|Any CPU
		{FFB4C8D2-CAE0-4883-9E53-BC254CBE0B89}.Release|x64.ActiveCfg = Release|Any CPU
		{FFB4C8D2-CAE0-4883-9E53-BC254CBE0B89}.Release|x64.Build.0 = Release|Any CPU
		{FFB4C8D2-CAE0-4883-9E53-BC254CBE0B89}.Release|x86.ActiveCfg = Release|Any CPU
		{FFB4C8D2-CAE0-4883-9E53-BC254CBE0B89}.Release|x86.Build.0 = Release|Any CPU
		{A17746BB-365B-4502-B242-0FF889C60157}.Debug|Any CPU.ActiveCfg = Debug|Any CPU
		{A17746BB-365B-4502-B242-0FF889C60157}.Debug|Any CPU.Build.0 = Debug|Any CPU
		{A17746BB-365B-4502-B242-0FF889C60157}.Debug|ARM.ActiveCfg = Debug|Any CPU
		{A17746BB-365B-4502-B242-0FF889C60157}.Debug|ARM.Build.0 = Debug|Any CPU
		{A17746BB-365B-4502-B242-0FF889C60157}.Debug|x64.ActiveCfg = Debug|Any CPU
		{A17746BB-365B-4502-B242-0FF889C60157}.Debug|x64.Build.0 = Debug|Any CPU
		{A17746BB-365B-4502-B242-0FF889C60157}.Debug|x86.ActiveCfg = Debug|Any CPU
		{A17746BB-365B-4502-B242-0FF889C60157}.Debug|x86.Build.0 = Debug|Any CPU
		{A17746BB-365B-4502-B242-0FF889C60157}.Release|Any CPU.ActiveCfg = Release|Any CPU
		{A17746BB-365B-4502-B242-0FF889C60157}.Release|Any CPU.Build.0 = Release|Any CPU
		{A17746BB-365B-4502-B242-0FF889C60157}.Release|ARM.ActiveCfg = Release|Any CPU
		{A17746BB-365B-4502-B242-0FF889C60157}.Release|ARM.Build.0 = Release|Any CPU
		{A17746BB-365B-4502-B242-0FF889C60157}.Release|x64.ActiveCfg = Release|Any CPU
		{A17746BB-365B-4502-B242-0FF889C60157}.Release|x64.Build.0 = Release|Any CPU
		{A17746BB-365B-4502-B242-0FF889C60157}.Release|x86.ActiveCfg = Release|Any CPU
		{A17746BB-365B-4502-B242-0FF889C60157}.Release|x86.Build.0 = Release|Any CPU
		{C8012F4D-A7F3-412C-A6F4-574CB99945F4}.Debug|Any CPU.ActiveCfg = Debug|Any CPU
		{C8012F4D-A7F3-412C-A6F4-574CB99945F4}.Debug|Any CPU.Build.0 = Debug|Any CPU
		{C8012F4D-A7F3-412C-A6F4-574CB99945F4}.Debug|ARM.ActiveCfg = Debug|Any CPU
		{C8012F4D-A7F3-412C-A6F4-574CB99945F4}.Debug|ARM.Build.0 = Debug|Any CPU
		{C8012F4D-A7F3-412C-A6F4-574CB99945F4}.Debug|x64.ActiveCfg = Debug|Any CPU
		{C8012F4D-A7F3-412C-A6F4-574CB99945F4}.Debug|x64.Build.0 = Debug|Any CPU
		{C8012F4D-A7F3-412C-A6F4-574CB99945F4}.Debug|x86.ActiveCfg = Debug|Any CPU
		{C8012F4D-A7F3-412C-A6F4-574CB99945F4}.Debug|x86.Build.0 = Debug|Any CPU
		{C8012F4D-A7F3-412C-A6F4-574CB99945F4}.Release|Any CPU.ActiveCfg = Release|Any CPU
		{C8012F4D-A7F3-412C-A6F4-574CB99945F4}.Release|Any CPU.Build.0 = Release|Any CPU
		{C8012F4D-A7F3-412C-A6F4-574CB99945F4}.Release|ARM.ActiveCfg = Release|Any CPU
		{C8012F4D-A7F3-412C-A6F4-574CB99945F4}.Release|ARM.Build.0 = Release|Any CPU
		{C8012F4D-A7F3-412C-A6F4-574CB99945F4}.Release|x64.ActiveCfg = Release|Any CPU
		{C8012F4D-A7F3-412C-A6F4-574CB99945F4}.Release|x64.Build.0 = Release|Any CPU
		{C8012F4D-A7F3-412C-A6F4-574CB99945F4}.Release|x86.ActiveCfg = Release|Any CPU
		{C8012F4D-A7F3-412C-A6F4-574CB99945F4}.Release|x86.Build.0 = Release|Any CPU
		{75241051-5CB8-4FEC-A34E-6F116FB4DD27}.Debug|Any CPU.ActiveCfg = Debug|Any CPU
		{75241051-5CB8-4FEC-A34E-6F116FB4DD27}.Debug|Any CPU.Build.0 = Debug|Any CPU
		{75241051-5CB8-4FEC-A34E-6F116FB4DD27}.Debug|ARM.ActiveCfg = Debug|Any CPU
		{75241051-5CB8-4FEC-A34E-6F116FB4DD27}.Debug|ARM.Build.0 = Debug|Any CPU
		{75241051-5CB8-4FEC-A34E-6F116FB4DD27}.Debug|x64.ActiveCfg = Debug|Any CPU
		{75241051-5CB8-4FEC-A34E-6F116FB4DD27}.Debug|x64.Build.0 = Debug|Any CPU
		{75241051-5CB8-4FEC-A34E-6F116FB4DD27}.Debug|x86.ActiveCfg = Debug|Any CPU
		{75241051-5CB8-4FEC-A34E-6F116FB4DD27}.Debug|x86.Build.0 = Debug|Any CPU
		{75241051-5CB8-4FEC-A34E-6F116FB4DD27}.Release|Any CPU.ActiveCfg = Release|Any CPU
		{75241051-5CB8-4FEC-A34E-6F116FB4DD27}.Release|Any CPU.Build.0 = Release|Any CPU
		{75241051-5CB8-4FEC-A34E-6F116FB4DD27}.Release|ARM.ActiveCfg = Release|Any CPU
		{75241051-5CB8-4FEC-A34E-6F116FB4DD27}.Release|ARM.Build.0 = Release|Any CPU
		{75241051-5CB8-4FEC-A34E-6F116FB4DD27}.Release|x64.ActiveCfg = Release|Any CPU
		{75241051-5CB8-4FEC-A34E-6F116FB4DD27}.Release|x64.Build.0 = Release|Any CPU
		{75241051-5CB8-4FEC-A34E-6F116FB4DD27}.Release|x86.ActiveCfg = Release|Any CPU
		{75241051-5CB8-4FEC-A34E-6F116FB4DD27}.Release|x86.Build.0 = Release|Any CPU
		{E4B7E3C1-79AE-40B9-88CC-2CB9B15460B2}.Debug|Any CPU.ActiveCfg = Debug|Any CPU
		{E4B7E3C1-79AE-40B9-88CC-2CB9B15460B2}.Debug|Any CPU.Build.0 = Debug|Any CPU
		{E4B7E3C1-79AE-40B9-88CC-2CB9B15460B2}.Debug|ARM.ActiveCfg = Debug|Any CPU
		{E4B7E3C1-79AE-40B9-88CC-2CB9B15460B2}.Debug|ARM.Build.0 = Debug|Any CPU
		{E4B7E3C1-79AE-40B9-88CC-2CB9B15460B2}.Debug|x64.ActiveCfg = Debug|Any CPU
		{E4B7E3C1-79AE-40B9-88CC-2CB9B15460B2}.Debug|x64.Build.0 = Debug|Any CPU
		{E4B7E3C1-79AE-40B9-88CC-2CB9B15460B2}.Debug|x86.ActiveCfg = Debug|Any CPU
		{E4B7E3C1-79AE-40B9-88CC-2CB9B15460B2}.Debug|x86.Build.0 = Debug|Any CPU
		{E4B7E3C1-79AE-40B9-88CC-2CB9B15460B2}.Release|Any CPU.ActiveCfg = Release|Any CPU
		{E4B7E3C1-79AE-40B9-88CC-2CB9B15460B2}.Release|Any CPU.Build.0 = Release|Any CPU
		{E4B7E3C1-79AE-40B9-88CC-2CB9B15460B2}.Release|ARM.ActiveCfg = Release|Any CPU
		{E4B7E3C1-79AE-40B9-88CC-2CB9B15460B2}.Release|ARM.Build.0 = Release|Any CPU
		{E4B7E3C1-79AE-40B9-88CC-2CB9B15460B2}.Release|x64.ActiveCfg = Release|Any CPU
		{E4B7E3C1-79AE-40B9-88CC-2CB9B15460B2}.Release|x64.Build.0 = Release|Any CPU
		{E4B7E3C1-79AE-40B9-88CC-2CB9B15460B2}.Release|x86.ActiveCfg = Release|Any CPU
		{E4B7E3C1-79AE-40B9-88CC-2CB9B15460B2}.Release|x86.Build.0 = Release|Any CPU
		{120F28F5-41F4-4F0E-97B4-1056A5E2E963}.Debug|Any CPU.ActiveCfg = Debug|Any CPU
		{120F28F5-41F4-4F0E-97B4-1056A5E2E963}.Debug|Any CPU.Build.0 = Debug|Any CPU
		{120F28F5-41F4-4F0E-97B4-1056A5E2E963}.Debug|ARM.ActiveCfg = Debug|Any CPU
		{120F28F5-41F4-4F0E-97B4-1056A5E2E963}.Debug|ARM.Build.0 = Debug|Any CPU
		{120F28F5-41F4-4F0E-97B4-1056A5E2E963}.Debug|x64.ActiveCfg = Debug|Any CPU
		{120F28F5-41F4-4F0E-97B4-1056A5E2E963}.Debug|x64.Build.0 = Debug|Any CPU
		{120F28F5-41F4-4F0E-97B4-1056A5E2E963}.Debug|x86.ActiveCfg = Debug|Any CPU
		{120F28F5-41F4-4F0E-97B4-1056A5E2E963}.Debug|x86.Build.0 = Debug|Any CPU
		{120F28F5-41F4-4F0E-97B4-1056A5E2E963}.Release|Any CPU.ActiveCfg = Release|Any CPU
		{120F28F5-41F4-4F0E-97B4-1056A5E2E963}.Release|Any CPU.Build.0 = Release|Any CPU
		{120F28F5-41F4-4F0E-97B4-1056A5E2E963}.Release|ARM.ActiveCfg = Release|Any CPU
		{120F28F5-41F4-4F0E-97B4-1056A5E2E963}.Release|ARM.Build.0 = Release|Any CPU
		{120F28F5-41F4-4F0E-97B4-1056A5E2E963}.Release|x64.ActiveCfg = Release|Any CPU
		{120F28F5-41F4-4F0E-97B4-1056A5E2E963}.Release|x64.Build.0 = Release|Any CPU
		{120F28F5-41F4-4F0E-97B4-1056A5E2E963}.Release|x86.ActiveCfg = Release|Any CPU
		{120F28F5-41F4-4F0E-97B4-1056A5E2E963}.Release|x86.Build.0 = Release|Any CPU
		{B2B27336-F917-42A5-8929-6258E0E7B6C1}.Debug|Any CPU.ActiveCfg = Debug|Any CPU
		{B2B27336-F917-42A5-8929-6258E0E7B6C1}.Debug|Any CPU.Build.0 = Debug|Any CPU
		{B2B27336-F917-42A5-8929-6258E0E7B6C1}.Debug|ARM.ActiveCfg = Debug|Any CPU
		{B2B27336-F917-42A5-8929-6258E0E7B6C1}.Debug|ARM.Build.0 = Debug|Any CPU
		{B2B27336-F917-42A5-8929-6258E0E7B6C1}.Debug|x64.ActiveCfg = Debug|Any CPU
		{B2B27336-F917-42A5-8929-6258E0E7B6C1}.Debug|x64.Build.0 = Debug|Any CPU
		{B2B27336-F917-42A5-8929-6258E0E7B6C1}.Debug|x86.ActiveCfg = Debug|Any CPU
		{B2B27336-F917-42A5-8929-6258E0E7B6C1}.Debug|x86.Build.0 = Debug|Any CPU
		{B2B27336-F917-42A5-8929-6258E0E7B6C1}.Release|Any CPU.ActiveCfg = Release|Any CPU
		{B2B27336-F917-42A5-8929-6258E0E7B6C1}.Release|Any CPU.Build.0 = Release|Any CPU
		{B2B27336-F917-42A5-8929-6258E0E7B6C1}.Release|ARM.ActiveCfg = Release|Any CPU
		{B2B27336-F917-42A5-8929-6258E0E7B6C1}.Release|ARM.Build.0 = Release|Any CPU
		{B2B27336-F917-42A5-8929-6258E0E7B6C1}.Release|x64.ActiveCfg = Release|Any CPU
		{B2B27336-F917-42A5-8929-6258E0E7B6C1}.Release|x64.Build.0 = Release|Any CPU
		{B2B27336-F917-42A5-8929-6258E0E7B6C1}.Release|x86.ActiveCfg = Release|Any CPU
		{B2B27336-F917-42A5-8929-6258E0E7B6C1}.Release|x86.Build.0 = Release|Any CPU
		{DFB6ED47-DE16-45A4-A251-65C320D564C3}.Debug|Any CPU.ActiveCfg = Debug|Any CPU
		{DFB6ED47-DE16-45A4-A251-65C320D564C3}.Debug|Any CPU.Build.0 = Debug|Any CPU
		{DFB6ED47-DE16-45A4-A251-65C320D564C3}.Debug|ARM.ActiveCfg = Debug|Any CPU
		{DFB6ED47-DE16-45A4-A251-65C320D564C3}.Debug|ARM.Build.0 = Debug|Any CPU
		{DFB6ED47-DE16-45A4-A251-65C320D564C3}.Debug|x64.ActiveCfg = Debug|Any CPU
		{DFB6ED47-DE16-45A4-A251-65C320D564C3}.Debug|x64.Build.0 = Debug|Any CPU
		{DFB6ED47-DE16-45A4-A251-65C320D564C3}.Debug|x86.ActiveCfg = Debug|Any CPU
		{DFB6ED47-DE16-45A4-A251-65C320D564C3}.Debug|x86.Build.0 = Debug|Any CPU
		{DFB6ED47-DE16-45A4-A251-65C320D564C3}.Release|Any CPU.ActiveCfg = Release|Any CPU
		{DFB6ED47-DE16-45A4-A251-65C320D564C3}.Release|Any CPU.Build.0 = Release|Any CPU
		{DFB6ED47-DE16-45A4-A251-65C320D564C3}.Release|ARM.ActiveCfg = Release|Any CPU
		{DFB6ED47-DE16-45A4-A251-65C320D564C3}.Release|ARM.Build.0 = Release|Any CPU
		{DFB6ED47-DE16-45A4-A251-65C320D564C3}.Release|x64.ActiveCfg = Release|Any CPU
		{DFB6ED47-DE16-45A4-A251-65C320D564C3}.Release|x64.Build.0 = Release|Any CPU
		{DFB6ED47-DE16-45A4-A251-65C320D564C3}.Release|x86.ActiveCfg = Release|Any CPU
		{DFB6ED47-DE16-45A4-A251-65C320D564C3}.Release|x86.Build.0 = Release|Any CPU
		{AD3862C3-DF6E-4F0E-84AA-6A3178235249}.Debug|Any CPU.ActiveCfg = Debug|Any CPU
		{AD3862C3-DF6E-4F0E-84AA-6A3178235249}.Debug|Any CPU.Build.0 = Debug|Any CPU
		{AD3862C3-DF6E-4F0E-84AA-6A3178235249}.Debug|ARM.ActiveCfg = Debug|Any CPU
		{AD3862C3-DF6E-4F0E-84AA-6A3178235249}.Debug|ARM.Build.0 = Debug|Any CPU
		{AD3862C3-DF6E-4F0E-84AA-6A3178235249}.Debug|x64.ActiveCfg = Debug|Any CPU
		{AD3862C3-DF6E-4F0E-84AA-6A3178235249}.Debug|x64.Build.0 = Debug|Any CPU
		{AD3862C3-DF6E-4F0E-84AA-6A3178235249}.Debug|x86.ActiveCfg = Debug|Any CPU
		{AD3862C3-DF6E-4F0E-84AA-6A3178235249}.Debug|x86.Build.0 = Debug|Any CPU
		{AD3862C3-DF6E-4F0E-84AA-6A3178235249}.Release|Any CPU.ActiveCfg = Release|Any CPU
		{AD3862C3-DF6E-4F0E-84AA-6A3178235249}.Release|Any CPU.Build.0 = Release|Any CPU
		{AD3862C3-DF6E-4F0E-84AA-6A3178235249}.Release|ARM.ActiveCfg = Release|Any CPU
		{AD3862C3-DF6E-4F0E-84AA-6A3178235249}.Release|ARM.Build.0 = Release|Any CPU
		{AD3862C3-DF6E-4F0E-84AA-6A3178235249}.Release|x64.ActiveCfg = Release|Any CPU
		{AD3862C3-DF6E-4F0E-84AA-6A3178235249}.Release|x64.Build.0 = Release|Any CPU
		{AD3862C3-DF6E-4F0E-84AA-6A3178235249}.Release|x86.ActiveCfg = Release|Any CPU
		{AD3862C3-DF6E-4F0E-84AA-6A3178235249}.Release|x86.Build.0 = Release|Any CPU
		{C8599E6A-AF4D-4CBC-B45C-6209DCF7479F}.Debug|Any CPU.ActiveCfg = Debug|Any CPU
		{C8599E6A-AF4D-4CBC-B45C-6209DCF7479F}.Debug|Any CPU.Build.0 = Debug|Any CPU
		{C8599E6A-AF4D-4CBC-B45C-6209DCF7479F}.Debug|ARM.ActiveCfg = Debug|Any CPU
		{C8599E6A-AF4D-4CBC-B45C-6209DCF7479F}.Debug|ARM.Build.0 = Debug|Any CPU
		{C8599E6A-AF4D-4CBC-B45C-6209DCF7479F}.Debug|x64.ActiveCfg = Debug|Any CPU
		{C8599E6A-AF4D-4CBC-B45C-6209DCF7479F}.Debug|x64.Build.0 = Debug|Any CPU
		{C8599E6A-AF4D-4CBC-B45C-6209DCF7479F}.Debug|x86.ActiveCfg = Debug|Any CPU
		{C8599E6A-AF4D-4CBC-B45C-6209DCF7479F}.Debug|x86.Build.0 = Debug|Any CPU
		{C8599E6A-AF4D-4CBC-B45C-6209DCF7479F}.Release|Any CPU.ActiveCfg = Release|Any CPU
		{C8599E6A-AF4D-4CBC-B45C-6209DCF7479F}.Release|Any CPU.Build.0 = Release|Any CPU
		{C8599E6A-AF4D-4CBC-B45C-6209DCF7479F}.Release|ARM.ActiveCfg = Release|Any CPU
		{C8599E6A-AF4D-4CBC-B45C-6209DCF7479F}.Release|ARM.Build.0 = Release|Any CPU
		{C8599E6A-AF4D-4CBC-B45C-6209DCF7479F}.Release|x64.ActiveCfg = Release|Any CPU
		{C8599E6A-AF4D-4CBC-B45C-6209DCF7479F}.Release|x64.Build.0 = Release|Any CPU
		{C8599E6A-AF4D-4CBC-B45C-6209DCF7479F}.Release|x86.ActiveCfg = Release|Any CPU
		{C8599E6A-AF4D-4CBC-B45C-6209DCF7479F}.Release|x86.Build.0 = Release|Any CPU
		{EC81A527-9C17-42E3-B75F-53C49A76088D}.Debug|Any CPU.ActiveCfg = Debug|Any CPU
		{EC81A527-9C17-42E3-B75F-53C49A76088D}.Debug|Any CPU.Build.0 = Debug|Any CPU
		{EC81A527-9C17-42E3-B75F-53C49A76088D}.Debug|ARM.ActiveCfg = Debug|Any CPU
		{EC81A527-9C17-42E3-B75F-53C49A76088D}.Debug|ARM.Build.0 = Debug|Any CPU
		{EC81A527-9C17-42E3-B75F-53C49A76088D}.Debug|x64.ActiveCfg = Debug|Any CPU
		{EC81A527-9C17-42E3-B75F-53C49A76088D}.Debug|x64.Build.0 = Debug|Any CPU
		{EC81A527-9C17-42E3-B75F-53C49A76088D}.Debug|x86.ActiveCfg = Debug|Any CPU
		{EC81A527-9C17-42E3-B75F-53C49A76088D}.Debug|x86.Build.0 = Debug|Any CPU
		{EC81A527-9C17-42E3-B75F-53C49A76088D}.Release|Any CPU.ActiveCfg = Release|Any CPU
		{EC81A527-9C17-42E3-B75F-53C49A76088D}.Release|Any CPU.Build.0 = Release|Any CPU
		{EC81A527-9C17-42E3-B75F-53C49A76088D}.Release|ARM.ActiveCfg = Release|Any CPU
		{EC81A527-9C17-42E3-B75F-53C49A76088D}.Release|ARM.Build.0 = Release|Any CPU
		{EC81A527-9C17-42E3-B75F-53C49A76088D}.Release|x64.ActiveCfg = Release|Any CPU
		{EC81A527-9C17-42E3-B75F-53C49A76088D}.Release|x64.Build.0 = Release|Any CPU
		{EC81A527-9C17-42E3-B75F-53C49A76088D}.Release|x86.ActiveCfg = Release|Any CPU
		{EC81A527-9C17-42E3-B75F-53C49A76088D}.Release|x86.Build.0 = Release|Any CPU
		{FB8475A5-7FC0-4AD7-8C43-901F223FEA2A}.Debug|Any CPU.ActiveCfg = Debug|Any CPU
		{FB8475A5-7FC0-4AD7-8C43-901F223FEA2A}.Debug|Any CPU.Build.0 = Debug|Any CPU
		{FB8475A5-7FC0-4AD7-8C43-901F223FEA2A}.Debug|ARM.ActiveCfg = Debug|Any CPU
		{FB8475A5-7FC0-4AD7-8C43-901F223FEA2A}.Debug|ARM.Build.0 = Debug|Any CPU
		{FB8475A5-7FC0-4AD7-8C43-901F223FEA2A}.Debug|x64.ActiveCfg = Debug|Any CPU
		{FB8475A5-7FC0-4AD7-8C43-901F223FEA2A}.Debug|x64.Build.0 = Debug|Any CPU
		{FB8475A5-7FC0-4AD7-8C43-901F223FEA2A}.Debug|x86.ActiveCfg = Debug|Any CPU
		{FB8475A5-7FC0-4AD7-8C43-901F223FEA2A}.Debug|x86.Build.0 = Debug|Any CPU
		{FB8475A5-7FC0-4AD7-8C43-901F223FEA2A}.Release|Any CPU.ActiveCfg = Release|Any CPU
		{FB8475A5-7FC0-4AD7-8C43-901F223FEA2A}.Release|Any CPU.Build.0 = Release|Any CPU
		{FB8475A5-7FC0-4AD7-8C43-901F223FEA2A}.Release|ARM.ActiveCfg = Release|Any CPU
		{FB8475A5-7FC0-4AD7-8C43-901F223FEA2A}.Release|ARM.Build.0 = Release|Any CPU
		{FB8475A5-7FC0-4AD7-8C43-901F223FEA2A}.Release|x64.ActiveCfg = Release|Any CPU
		{FB8475A5-7FC0-4AD7-8C43-901F223FEA2A}.Release|x64.Build.0 = Release|Any CPU
		{FB8475A5-7FC0-4AD7-8C43-901F223FEA2A}.Release|x86.ActiveCfg = Release|Any CPU
		{FB8475A5-7FC0-4AD7-8C43-901F223FEA2A}.Release|x86.Build.0 = Release|Any CPU
		{8D73576F-CF47-47D6-BED2-34295502522D}.Debug|Any CPU.ActiveCfg = Debug|Any CPU
		{8D73576F-CF47-47D6-BED2-34295502522D}.Debug|Any CPU.Build.0 = Debug|Any CPU
		{8D73576F-CF47-47D6-BED2-34295502522D}.Debug|ARM.ActiveCfg = Debug|Any CPU
		{8D73576F-CF47-47D6-BED2-34295502522D}.Debug|ARM.Build.0 = Debug|Any CPU
		{8D73576F-CF47-47D6-BED2-34295502522D}.Debug|x64.ActiveCfg = Debug|Any CPU
		{8D73576F-CF47-47D6-BED2-34295502522D}.Debug|x64.Build.0 = Debug|Any CPU
		{8D73576F-CF47-47D6-BED2-34295502522D}.Debug|x86.ActiveCfg = Debug|Any CPU
		{8D73576F-CF47-47D6-BED2-34295502522D}.Debug|x86.Build.0 = Debug|Any CPU
		{8D73576F-CF47-47D6-BED2-34295502522D}.Release|Any CPU.ActiveCfg = Release|Any CPU
		{8D73576F-CF47-47D6-BED2-34295502522D}.Release|Any CPU.Build.0 = Release|Any CPU
		{8D73576F-CF47-47D6-BED2-34295502522D}.Release|ARM.ActiveCfg = Release|Any CPU
		{8D73576F-CF47-47D6-BED2-34295502522D}.Release|ARM.Build.0 = Release|Any CPU
		{8D73576F-CF47-47D6-BED2-34295502522D}.Release|x64.ActiveCfg = Release|Any CPU
		{8D73576F-CF47-47D6-BED2-34295502522D}.Release|x64.Build.0 = Release|Any CPU
		{8D73576F-CF47-47D6-BED2-34295502522D}.Release|x86.ActiveCfg = Release|Any CPU
		{8D73576F-CF47-47D6-BED2-34295502522D}.Release|x86.Build.0 = Release|Any CPU
		{5910384F-755B-4468-B18B-A3FBC1D04E5C}.Debug|Any CPU.ActiveCfg = Debug|Any CPU
		{5910384F-755B-4468-B18B-A3FBC1D04E5C}.Debug|Any CPU.Build.0 = Debug|Any CPU
		{5910384F-755B-4468-B18B-A3FBC1D04E5C}.Debug|ARM.ActiveCfg = Debug|Any CPU
		{5910384F-755B-4468-B18B-A3FBC1D04E5C}.Debug|ARM.Build.0 = Debug|Any CPU
		{5910384F-755B-4468-B18B-A3FBC1D04E5C}.Debug|x64.ActiveCfg = Debug|Any CPU
		{5910384F-755B-4468-B18B-A3FBC1D04E5C}.Debug|x64.Build.0 = Debug|Any CPU
		{5910384F-755B-4468-B18B-A3FBC1D04E5C}.Debug|x86.ActiveCfg = Debug|Any CPU
		{5910384F-755B-4468-B18B-A3FBC1D04E5C}.Debug|x86.Build.0 = Debug|Any CPU
		{5910384F-755B-4468-B18B-A3FBC1D04E5C}.Release|Any CPU.ActiveCfg = Release|Any CPU
		{5910384F-755B-4468-B18B-A3FBC1D04E5C}.Release|Any CPU.Build.0 = Release|Any CPU
		{5910384F-755B-4468-B18B-A3FBC1D04E5C}.Release|ARM.ActiveCfg = Release|Any CPU
		{5910384F-755B-4468-B18B-A3FBC1D04E5C}.Release|ARM.Build.0 = Release|Any CPU
		{5910384F-755B-4468-B18B-A3FBC1D04E5C}.Release|x64.ActiveCfg = Release|Any CPU
		{5910384F-755B-4468-B18B-A3FBC1D04E5C}.Release|x64.Build.0 = Release|Any CPU
		{5910384F-755B-4468-B18B-A3FBC1D04E5C}.Release|x86.ActiveCfg = Release|Any CPU
		{5910384F-755B-4468-B18B-A3FBC1D04E5C}.Release|x86.Build.0 = Release|Any CPU
		{5C03CB28-DF74-467C-A790-EC5E7A3A6C30}.Debug|Any CPU.ActiveCfg = Debug|Any CPU
		{5C03CB28-DF74-467C-A790-EC5E7A3A6C30}.Debug|Any CPU.Build.0 = Debug|Any CPU
		{5C03CB28-DF74-467C-A790-EC5E7A3A6C30}.Debug|ARM.ActiveCfg = Debug|Any CPU
		{5C03CB28-DF74-467C-A790-EC5E7A3A6C30}.Debug|ARM.Build.0 = Debug|Any CPU
		{5C03CB28-DF74-467C-A790-EC5E7A3A6C30}.Debug|x64.ActiveCfg = Debug|Any CPU
		{5C03CB28-DF74-467C-A790-EC5E7A3A6C30}.Debug|x64.Build.0 = Debug|Any CPU
		{5C03CB28-DF74-467C-A790-EC5E7A3A6C30}.Debug|x86.ActiveCfg = Debug|Any CPU
		{5C03CB28-DF74-467C-A790-EC5E7A3A6C30}.Debug|x86.Build.0 = Debug|Any CPU
		{5C03CB28-DF74-467C-A790-EC5E7A3A6C30}.Release|Any CPU.ActiveCfg = Release|Any CPU
		{5C03CB28-DF74-467C-A790-EC5E7A3A6C30}.Release|Any CPU.Build.0 = Release|Any CPU
		{5C03CB28-DF74-467C-A790-EC5E7A3A6C30}.Release|ARM.ActiveCfg = Release|Any CPU
		{5C03CB28-DF74-467C-A790-EC5E7A3A6C30}.Release|ARM.Build.0 = Release|Any CPU
		{5C03CB28-DF74-467C-A790-EC5E7A3A6C30}.Release|x64.ActiveCfg = Release|Any CPU
		{5C03CB28-DF74-467C-A790-EC5E7A3A6C30}.Release|x64.Build.0 = Release|Any CPU
		{5C03CB28-DF74-467C-A790-EC5E7A3A6C30}.Release|x86.ActiveCfg = Release|Any CPU
		{5C03CB28-DF74-467C-A790-EC5E7A3A6C30}.Release|x86.Build.0 = Release|Any CPU
		{177B69D4-514D-4E19-B68F-E6CE7C3E0D7E}.Debug|Any CPU.ActiveCfg = Debug|Any CPU
		{177B69D4-514D-4E19-B68F-E6CE7C3E0D7E}.Debug|Any CPU.Build.0 = Debug|Any CPU
		{177B69D4-514D-4E19-B68F-E6CE7C3E0D7E}.Debug|ARM.ActiveCfg = Debug|Any CPU
		{177B69D4-514D-4E19-B68F-E6CE7C3E0D7E}.Debug|ARM.Build.0 = Debug|Any CPU
		{177B69D4-514D-4E19-B68F-E6CE7C3E0D7E}.Debug|x64.ActiveCfg = Debug|Any CPU
		{177B69D4-514D-4E19-B68F-E6CE7C3E0D7E}.Debug|x64.Build.0 = Debug|Any CPU
		{177B69D4-514D-4E19-B68F-E6CE7C3E0D7E}.Debug|x86.ActiveCfg = Debug|Any CPU
		{177B69D4-514D-4E19-B68F-E6CE7C3E0D7E}.Debug|x86.Build.0 = Debug|Any CPU
		{177B69D4-514D-4E19-B68F-E6CE7C3E0D7E}.Release|Any CPU.ActiveCfg = Release|Any CPU
		{177B69D4-514D-4E19-B68F-E6CE7C3E0D7E}.Release|Any CPU.Build.0 = Release|Any CPU
		{177B69D4-514D-4E19-B68F-E6CE7C3E0D7E}.Release|ARM.ActiveCfg = Release|Any CPU
		{177B69D4-514D-4E19-B68F-E6CE7C3E0D7E}.Release|ARM.Build.0 = Release|Any CPU
		{177B69D4-514D-4E19-B68F-E6CE7C3E0D7E}.Release|x64.ActiveCfg = Release|Any CPU
		{177B69D4-514D-4E19-B68F-E6CE7C3E0D7E}.Release|x64.Build.0 = Release|Any CPU
		{177B69D4-514D-4E19-B68F-E6CE7C3E0D7E}.Release|x86.ActiveCfg = Release|Any CPU
		{177B69D4-514D-4E19-B68F-E6CE7C3E0D7E}.Release|x86.Build.0 = Release|Any CPU
		{CCF61241-4822-476E-8697-09430B0B5C56}.Debug|Any CPU.ActiveCfg = Debug|Any CPU
		{CCF61241-4822-476E-8697-09430B0B5C56}.Debug|Any CPU.Build.0 = Debug|Any CPU
		{CCF61241-4822-476E-8697-09430B0B5C56}.Debug|ARM.ActiveCfg = Debug|Any CPU
		{CCF61241-4822-476E-8697-09430B0B5C56}.Debug|ARM.Build.0 = Debug|Any CPU
		{CCF61241-4822-476E-8697-09430B0B5C56}.Debug|x64.ActiveCfg = Debug|Any CPU
		{CCF61241-4822-476E-8697-09430B0B5C56}.Debug|x64.Build.0 = Debug|Any CPU
		{CCF61241-4822-476E-8697-09430B0B5C56}.Debug|x86.ActiveCfg = Debug|Any CPU
		{CCF61241-4822-476E-8697-09430B0B5C56}.Debug|x86.Build.0 = Debug|Any CPU
		{CCF61241-4822-476E-8697-09430B0B5C56}.Release|Any CPU.ActiveCfg = Release|Any CPU
		{CCF61241-4822-476E-8697-09430B0B5C56}.Release|Any CPU.Build.0 = Release|Any CPU
		{CCF61241-4822-476E-8697-09430B0B5C56}.Release|ARM.ActiveCfg = Release|Any CPU
		{CCF61241-4822-476E-8697-09430B0B5C56}.Release|ARM.Build.0 = Release|Any CPU
		{CCF61241-4822-476E-8697-09430B0B5C56}.Release|x64.ActiveCfg = Release|Any CPU
		{CCF61241-4822-476E-8697-09430B0B5C56}.Release|x64.Build.0 = Release|Any CPU
		{CCF61241-4822-476E-8697-09430B0B5C56}.Release|x86.ActiveCfg = Release|Any CPU
		{CCF61241-4822-476E-8697-09430B0B5C56}.Release|x86.Build.0 = Release|Any CPU
	EndGlobalSection
	GlobalSection(SolutionProperties) = preSolution
		HideSolutionNode = FALSE
	EndGlobalSection
EndGlobal
